
Microsoft Visual Studio Solution File, Format Version 12.00
# Visual Studio 15
VisualStudioVersion = 15.0.27130.2036
MinimumVisualStudioVersion = 10.0.40219.1
Project("{FAE04EC0-301F-11D3-BF4B-00C04F79EFBC}") = "ListView_Sample.Android", "ListView_Sample\ListView_Sample.Android\ListView_Sample.Android.csproj", "{117A327B-4C4D-439F-80FE-69C4FE153FA5}"
EndProject
Project("{FAE04EC0-301F-11D3-BF4B-00C04F79EFBC}") = "ListView_Sample.iOS", "ListView_Sample\ListView_Sample.iOS\ListView_Sample.iOS.csproj", "{D74C8A9F-D5E1-411E-B468-963569ABF020}"
EndProject
Project("{FAE04EC0-301F-11D3-BF4B-00C04F79EFBC}") = "ListView_Sample.UWP", "ListView_Sample\ListView_Sample.UWP\ListView_Sample.UWP.csproj", "{5BEAE136-52BC-470C-98EE-A3DFBFBDE077}"
EndProject
Project("{FAE04EC0-301F-11D3-BF4B-00C04F79EFBC}") = "ListView_Sample", "ListView_Sample\ListView_Sample\ListView_Sample.csproj", "{1319057D-C981-4548-B642-F232967BDA4E}"
EndProject
Global
	GlobalSection(SolutionConfigurationPlatforms) = preSolution
		Ad-Hoc|Any CPU = Ad-Hoc|Any CPU
		Ad-Hoc|ARM = Ad-Hoc|ARM
		Ad-Hoc|iPhone = Ad-Hoc|iPhone
		Ad-Hoc|iPhoneSimulator = Ad-Hoc|iPhoneSimulator
		Ad-Hoc|x64 = Ad-Hoc|x64
		Ad-Hoc|x86 = Ad-Hoc|x86
		AppStore|Any CPU = AppStore|Any CPU
		AppStore|ARM = AppStore|ARM
		AppStore|iPhone = AppStore|iPhone
		AppStore|iPhoneSimulator = AppStore|iPhoneSimulator
		AppStore|x64 = AppStore|x64
		AppStore|x86 = AppStore|x86
		Debug|Any CPU = Debug|Any CPU
		Debug|ARM = Debug|ARM
		Debug|iPhone = Debug|iPhone
		Debug|iPhoneSimulator = Debug|iPhoneSimulator
		Debug|x64 = Debug|x64
		Debug|x86 = Debug|x86
		Release|Any CPU = Release|Any CPU
		Release|ARM = Release|ARM
		Release|iPhone = Release|iPhone
		Release|iPhoneSimulator = Release|iPhoneSimulator
		Release|x64 = Release|x64
		Release|x86 = Release|x86
	EndGlobalSection
	GlobalSection(ProjectConfigurationPlatforms) = postSolution
		{117A327B-4C4D-439F-80FE-69C4FE153FA5}.Ad-Hoc|Any CPU.ActiveCfg = Release|Any CPU
		{117A327B-4C4D-439F-80FE-69C4FE153FA5}.Ad-Hoc|Any CPU.Build.0 = Release|Any CPU
		{117A327B-4C4D-439F-80FE-69C4FE153FA5}.Ad-Hoc|Any CPU.Deploy.0 = Release|Any CPU
		{117A327B-4C4D-439F-80FE-69C4FE153FA5}.Ad-Hoc|ARM.ActiveCfg = Release|Any CPU
		{117A327B-4C4D-439F-80FE-69C4FE153FA5}.Ad-Hoc|ARM.Build.0 = Release|Any CPU
		{117A327B-4C4D-439F-80FE-69C4FE153FA5}.Ad-Hoc|ARM.Deploy.0 = Release|Any CPU
		{117A327B-4C4D-439F-80FE-69C4FE153FA5}.Ad-Hoc|iPhone.ActiveCfg = Release|Any CPU
		{117A327B-4C4D-439F-80FE-69C4FE153FA5}.Ad-Hoc|iPhone.Build.0 = Release|Any CPU
		{117A327B-4C4D-439F-80FE-69C4FE153FA5}.Ad-Hoc|iPhone.Deploy.0 = Release|Any CPU
		{117A327B-4C4D-439F-80FE-69C4FE153FA5}.Ad-Hoc|iPhoneSimulator.ActiveCfg = Release|Any CPU
		{117A327B-4C4D-439F-80FE-69C4FE153FA5}.Ad-Hoc|iPhoneSimulator.Build.0 = Release|Any CPU
		{117A327B-4C4D-439F-80FE-69C4FE153FA5}.Ad-Hoc|iPhoneSimulator.Deploy.0 = Release|Any CPU
		{117A327B-4C4D-439F-80FE-69C4FE153FA5}.Ad-Hoc|x64.ActiveCfg = Release|Any CPU
		{117A327B-4C4D-439F-80FE-69C4FE153FA5}.Ad-Hoc|x64.Build.0 = Release|Any CPU
		{117A327B-4C4D-439F-80FE-69C4FE153FA5}.Ad-Hoc|x64.Deploy.0 = Release|Any CPU
		{117A327B-4C4D-439F-80FE-69C4FE153FA5}.Ad-Hoc|x86.ActiveCfg = Release|Any CPU
		{117A327B-4C4D-439F-80FE-69C4FE153FA5}.Ad-Hoc|x86.Build.0 = Release|Any CPU
		{117A327B-4C4D-439F-80FE-69C4FE153FA5}.Ad-Hoc|x86.Deploy.0 = Release|Any CPU
		{117A327B-4C4D-439F-80FE-69C4FE153FA5}.AppStore|Any CPU.ActiveCfg = Release|Any CPU
		{117A327B-4C4D-439F-80FE-69C4FE153FA5}.AppStore|Any CPU.Build.0 = Release|Any CPU
		{117A327B-4C4D-439F-80FE-69C4FE153FA5}.AppStore|Any CPU.Deploy.0 = Release|Any CPU
		{117A327B-4C4D-439F-80FE-69C4FE153FA5}.AppStore|ARM.ActiveCfg = Release|Any CPU
		{117A327B-4C4D-439F-80FE-69C4FE153FA5}.AppStore|ARM.Build.0 = Release|Any CPU
		{117A327B-4C4D-439F-80FE-69C4FE153FA5}.AppStore|ARM.Deploy.0 = Release|Any CPU
		{117A327B-4C4D-439F-80FE-69C4FE153FA5}.AppStore|iPhone.ActiveCfg = Release|Any CPU
		{117A327B-4C4D-439F-80FE-69C4FE153FA5}.AppStore|iPhone.Build.0 = Release|Any CPU
		{117A327B-4C4D-439F-80FE-69C4FE153FA5}.AppStore|iPhone.Deploy.0 = Release|Any CPU
		{117A327B-4C4D-439F-80FE-69C4FE153FA5}.AppStore|iPhoneSimulator.ActiveCfg = Release|Any CPU
		{117A327B-4C4D-439F-80FE-69C4FE153FA5}.AppStore|iPhoneSimulator.Build.0 = Release|Any CPU
		{117A327B-4C4D-439F-80FE-69C4FE153FA5}.AppStore|iPhoneSimulator.Deploy.0 = Release|Any CPU
		{117A327B-4C4D-439F-80FE-69C4FE153FA5}.AppStore|x64.ActiveCfg = Release|Any CPU
		{117A327B-4C4D-439F-80FE-69C4FE153FA5}.AppStore|x64.Build.0 = Release|Any CPU
		{117A327B-4C4D-439F-80FE-69C4FE153FA5}.AppStore|x64.Deploy.0 = Release|Any CPU
		{117A327B-4C4D-439F-80FE-69C4FE153FA5}.AppStore|x86.ActiveCfg = Release|Any CPU
		{117A327B-4C4D-439F-80FE-69C4FE153FA5}.AppStore|x86.Build.0 = Release|Any CPU
		{117A327B-4C4D-439F-80FE-69C4FE153FA5}.AppStore|x86.Deploy.0 = Release|Any CPU
		{117A327B-4C4D-439F-80FE-69C4FE153FA5}.Debug|Any CPU.ActiveCfg = Debug|Any CPU
		{117A327B-4C4D-439F-80FE-69C4FE153FA5}.Debug|Any CPU.Build.0 = Debug|Any CPU
		{117A327B-4C4D-439F-80FE-69C4FE153FA5}.Debug|Any CPU.Deploy.0 = Debug|Any CPU
		{117A327B-4C4D-439F-80FE-69C4FE153FA5}.Debug|ARM.ActiveCfg = Debug|Any CPU
		{117A327B-4C4D-439F-80FE-69C4FE153FA5}.Debug|ARM.Build.0 = Debug|Any CPU
		{117A327B-4C4D-439F-80FE-69C4FE153FA5}.Debug|ARM.Deploy.0 = Debug|Any CPU
		{117A327B-4C4D-439F-80FE-69C4FE153FA5}.Debug|iPhone.ActiveCfg = Debug|Any CPU
		{117A327B-4C4D-439F-80FE-69C4FE153FA5}.Debug|iPhone.Build.0 = Debug|Any CPU
		{117A327B-4C4D-439F-80FE-69C4FE153FA5}.Debug|iPhone.Deploy.0 = Debug|Any CPU
		{117A327B-4C4D-439F-80FE-69C4FE153FA5}.Debug|iPhoneSimulator.ActiveCfg = Debug|Any CPU
		{117A327B-4C4D-439F-80FE-69C4FE153FA5}.Debug|iPhoneSimulator.Build.0 = Debug|Any CPU
		{117A327B-4C4D-439F-80FE-69C4FE153FA5}.Debug|iPhoneSimulator.Deploy.0 = Debug|Any CPU
		{117A327B-4C4D-439F-80FE-69C4FE153FA5}.Debug|x64.ActiveCfg = Debug|Any CPU
		{117A327B-4C4D-439F-80FE-69C4FE153FA5}.Debug|x64.Build.0 = Debug|Any CPU
		{117A327B-4C4D-439F-80FE-69C4FE153FA5}.Debug|x64.Deploy.0 = Debug|Any CPU
		{117A327B-4C4D-439F-80FE-69C4FE153FA5}.Debug|x86.ActiveCfg = Debug|Any CPU
		{117A327B-4C4D-439F-80FE-69C4FE153FA5}.Debug|x86.Build.0 = Debug|Any CPU
		{117A327B-4C4D-439F-80FE-69C4FE153FA5}.Debug|x86.Deploy.0 = Debug|Any CPU
		{117A327B-4C4D-439F-80FE-69C4FE153FA5}.Release|Any CPU.ActiveCfg = Release|Any CPU
		{117A327B-4C4D-439F-80FE-69C4FE153FA5}.Release|Any CPU.Build.0 = Release|Any CPU
		{117A327B-4C4D-439F-80FE-69C4FE153FA5}.Release|Any CPU.Deploy.0 = Release|Any CPU
		{117A327B-4C4D-439F-80FE-69C4FE153FA5}.Release|ARM.ActiveCfg = Release|Any CPU
		{117A327B-4C4D-439F-80FE-69C4FE153FA5}.Release|ARM.Build.0 = Release|Any CPU
		{117A327B-4C4D-439F-80FE-69C4FE153FA5}.Release|ARM.Deploy.0 = Release|Any CPU
		{117A327B-4C4D-439F-80FE-69C4FE153FA5}.Release|iPhone.ActiveCfg = Release|Any CPU
		{117A327B-4C4D-439F-80FE-69C4FE153FA5}.Release|iPhone.Build.0 = Release|Any CPU
		{117A327B-4C4D-439F-80FE-69C4FE153FA5}.Release|iPhone.Deploy.0 = Release|Any CPU
		{117A327B-4C4D-439F-80FE-69C4FE153FA5}.Release|iPhoneSimulator.ActiveCfg = Release|Any CPU
		{117A327B-4C4D-439F-80FE-69C4FE153FA5}.Release|iPhoneSimulator.Build.0 = Release|Any CPU
		{117A327B-4C4D-439F-80FE-69C4FE153FA5}.Release|iPhoneSimulator.Deploy.0 = Release|Any CPU
		{117A327B-4C4D-439F-80FE-69C4FE153FA5}.Release|x64.ActiveCfg = Release|Any CPU
		{117A327B-4C4D-439F-80FE-69C4FE153FA5}.Release|x64.Build.0 = Release|Any CPU
		{117A327B-4C4D-439F-80FE-69C4FE153FA5}.Release|x64.Deploy.0 = Release|Any CPU
		{117A327B-4C4D-439F-80FE-69C4FE153FA5}.Release|x86.ActiveCfg = Release|Any CPU
		{117A327B-4C4D-439F-80FE-69C4FE153FA5}.Release|x86.Build.0 = Release|Any CPU
		{117A327B-4C4D-439F-80FE-69C4FE153FA5}.Release|x86.Deploy.0 = Release|Any CPU
		{D74C8A9F-D5E1-411E-B468-963569ABF020}.Ad-Hoc|Any CPU.ActiveCfg = Ad-Hoc|iPhone
		{D74C8A9F-D5E1-411E-B468-963569ABF020}.Ad-Hoc|ARM.ActiveCfg = Ad-Hoc|iPhone
		{D74C8A9F-D5E1-411E-B468-963569ABF020}.Ad-Hoc|iPhone.ActiveCfg = Ad-Hoc|iPhone
		{D74C8A9F-D5E1-411E-B468-963569ABF020}.Ad-Hoc|iPhone.Build.0 = Ad-Hoc|iPhone
		{D74C8A9F-D5E1-411E-B468-963569ABF020}.Ad-Hoc|iPhoneSimulator.ActiveCfg = Ad-Hoc|iPhoneSimulator
		{D74C8A9F-D5E1-411E-B468-963569ABF020}.Ad-Hoc|iPhoneSimulator.Build.0 = Ad-Hoc|iPhoneSimulator
		{D74C8A9F-D5E1-411E-B468-963569ABF020}.Ad-Hoc|x64.ActiveCfg = Ad-Hoc|iPhone
		{D74C8A9F-D5E1-411E-B468-963569ABF020}.Ad-Hoc|x86.ActiveCfg = Ad-Hoc|iPhone
		{D74C8A9F-D5E1-411E-B468-963569ABF020}.AppStore|Any CPU.ActiveCfg = AppStore|iPhone
		{D74C8A9F-D5E1-411E-B468-963569ABF020}.AppStore|ARM.ActiveCfg = AppStore|iPhone
		{D74C8A9F-D5E1-411E-B468-963569ABF020}.AppStore|iPhone.ActiveCfg = AppStore|iPhone
		{D74C8A9F-D5E1-411E-B468-963569ABF020}.AppStore|iPhone.Build.0 = AppStore|iPhone
		{D74C8A9F-D5E1-411E-B468-963569ABF020}.AppStore|iPhoneSimulator.ActiveCfg = AppStore|iPhoneSimulator
		{D74C8A9F-D5E1-411E-B468-963569ABF020}.AppStore|iPhoneSimulator.Build.0 = AppStore|iPhoneSimulator
		{D74C8A9F-D5E1-411E-B468-963569ABF020}.AppStore|x64.ActiveCfg = AppStore|iPhone
		{D74C8A9F-D5E1-411E-B468-963569ABF020}.AppStore|x86.ActiveCfg = AppStore|iPhone
		{D74C8A9F-D5E1-411E-B468-963569ABF020}.Debug|Any CPU.ActiveCfg = Debug|iPhone
		{D74C8A9F-D5E1-411E-B468-963569ABF020}.Debug|ARM.ActiveCfg = Debug|iPhone
		{D74C8A9F-D5E1-411E-B468-963569ABF020}.Debug|iPhone.ActiveCfg = Debug|iPhone
		{D74C8A9F-D5E1-411E-B468-963569ABF020}.Debug|iPhone.Build.0 = Debug|iPhone
		{D74C8A9F-D5E1-411E-B468-963569ABF020}.Debug|iPhoneSimulator.ActiveCfg = Debug|iPhoneSimulator
		{D74C8A9F-D5E1-411E-B468-963569ABF020}.Debug|iPhoneSimulator.Build.0 = Debug|iPhoneSimulator
		{D74C8A9F-D5E1-411E-B468-963569ABF020}.Debug|x64.ActiveCfg = Debug|iPhone
		{D74C8A9F-D5E1-411E-B468-963569ABF020}.Debug|x86.ActiveCfg = Debug|iPhone
		{D74C8A9F-D5E1-411E-B468-963569ABF020}.Release|Any CPU.ActiveCfg = Release|iPhone
		{D74C8A9F-D5E1-411E-B468-963569ABF020}.Release|ARM.ActiveCfg = Release|iPhone
		{D74C8A9F-D5E1-411E-B468-963569ABF020}.Release|iPhone.ActiveCfg = Release|iPhone
		{D74C8A9F-D5E1-411E-B468-963569ABF020}.Release|iPhone.Build.0 = Release|iPhone
		{D74C8A9F-D5E1-411E-B468-963569ABF020}.Release|iPhoneSimulator.ActiveCfg = Release|iPhoneSimulator
		{D74C8A9F-D5E1-411E-B468-963569ABF020}.Release|iPhoneSimulator.Build.0 = Release|iPhoneSimulator
		{D74C8A9F-D5E1-411E-B468-963569ABF020}.Release|x64.ActiveCfg = Release|iPhone
		{D74C8A9F-D5E1-411E-B468-963569ABF020}.Release|x86.ActiveCfg = Release|iPhone
		{5BEAE136-52BC-470C-98EE-A3DFBFBDE077}.Ad-Hoc|Any CPU.ActiveCfg = Release|x86
		{5BEAE136-52BC-470C-98EE-A3DFBFBDE077}.Ad-Hoc|Any CPU.Build.0 = Release|x86
		{5BEAE136-52BC-470C-98EE-A3DFBFBDE077}.Ad-Hoc|Any CPU.Deploy.0 = Release|x86
		{5BEAE136-52BC-470C-98EE-A3DFBFBDE077}.Ad-Hoc|ARM.ActiveCfg = Release|ARM
		{5BEAE136-52BC-470C-98EE-A3DFBFBDE077}.Ad-Hoc|ARM.Build.0 = Release|ARM
		{5BEAE136-52BC-470C-98EE-A3DFBFBDE077}.Ad-Hoc|ARM.Deploy.0 = Release|ARM
		{5BEAE136-52BC-470C-98EE-A3DFBFBDE077}.Ad-Hoc|iPhone.ActiveCfg = Release|x86
		{5BEAE136-52BC-470C-98EE-A3DFBFBDE077}.Ad-Hoc|iPhone.Build.0 = Release|x86
		{5BEAE136-52BC-470C-98EE-A3DFBFBDE077}.Ad-Hoc|iPhone.Deploy.0 = Release|x86
		{5BEAE136-52BC-470C-98EE-A3DFBFBDE077}.Ad-Hoc|iPhoneSimulator.ActiveCfg = Release|x86
		{5BEAE136-52BC-470C-98EE-A3DFBFBDE077}.Ad-Hoc|iPhoneSimulator.Build.0 = Release|x86
		{5BEAE136-52BC-470C-98EE-A3DFBFBDE077}.Ad-Hoc|iPhoneSimulator.Deploy.0 = Release|x86
		{5BEAE136-52BC-470C-98EE-A3DFBFBDE077}.Ad-Hoc|x64.ActiveCfg = Release|x64
		{5BEAE136-52BC-470C-98EE-A3DFBFBDE077}.Ad-Hoc|x64.Build.0 = Release|x64
		{5BEAE136-52BC-470C-98EE-A3DFBFBDE077}.Ad-Hoc|x64.Deploy.0 = Release|x64
		{5BEAE136-52BC-470C-98EE-A3DFBFBDE077}.Ad-Hoc|x86.ActiveCfg = Release|x86
		{5BEAE136-52BC-470C-98EE-A3DFBFBDE077}.Ad-Hoc|x86.Build.0 = Release|x86
		{5BEAE136-52BC-470C-98EE-A3DFBFBDE077}.Ad-Hoc|x86.Deploy.0 = Release|x86
		{5BEAE136-52BC-470C-98EE-A3DFBFBDE077}.AppStore|Any CPU.ActiveCfg = Release|x86
		{5BEAE136-52BC-470C-98EE-A3DFBFBDE077}.AppStore|Any CPU.Build.0 = Release|x86
		{5BEAE136-52BC-470C-98EE-A3DFBFBDE077}.AppStore|Any CPU.Deploy.0 = Release|x86
		{5BEAE136-52BC-470C-98EE-A3DFBFBDE077}.AppStore|ARM.ActiveCfg = Release|ARM
		{5BEAE136-52BC-470C-98EE-A3DFBFBDE077}.AppStore|ARM.Build.0 = Release|ARM
		{5BEAE136-52BC-470C-98EE-A3DFBFBDE077}.AppStore|ARM.Deploy.0 = Release|ARM
		{5BEAE136-52BC-470C-98EE-A3DFBFBDE077}.AppStore|iPhone.ActiveCfg = Release|x86
		{5BEAE136-52BC-470C-98EE-A3DFBFBDE077}.AppStore|iPhone.Build.0 = Release|x86
		{5BEAE136-52BC-470C-98EE-A3DFBFBDE077}.AppStore|iPhone.Deploy.0 = Release|x86
		{5BEAE136-52BC-470C-98EE-A3DFBFBDE077}.AppStore|iPhoneSimulator.ActiveCfg = Release|x86
		{5BEAE136-52BC-470C-98EE-A3DFBFBDE077}.AppStore|iPhoneSimulator.Build.0 = Release|x86
		{5BEAE136-52BC-470C-98EE-A3DFBFBDE077}.AppStore|iPhoneSimulator.Deploy.0 = Release|x86
		{5BEAE136-52BC-470C-98EE-A3DFBFBDE077}.AppStore|x64.ActiveCfg = Release|x64
		{5BEAE136-52BC-470C-98EE-A3DFBFBDE077}.AppStore|x64.Build.0 = Release|x64
		{5BEAE136-52BC-470C-98EE-A3DFBFBDE077}.AppStore|x64.Deploy.0 = Release|x64
		{5BEAE136-52BC-470C-98EE-A3DFBFBDE077}.AppStore|x86.ActiveCfg = Release|x86
		{5BEAE136-52BC-470C-98EE-A3DFBFBDE077}.AppStore|x86.Build.0 = Release|x86
		{5BEAE136-52BC-470C-98EE-A3DFBFBDE077}.AppStore|x86.Deploy.0 = Release|x86
		{5BEAE136-52BC-470C-98EE-A3DFBFBDE077}.Debug|Any CPU.ActiveCfg = Debug|x86
		{5BEAE136-52BC-470C-98EE-A3DFBFBDE077}.Debug|ARM.ActiveCfg = Debug|ARM
		{5BEAE136-52BC-470C-98EE-A3DFBFBDE077}.Debug|ARM.Build.0 = Debug|ARM
		{5BEAE136-52BC-470C-98EE-A3DFBFBDE077}.Debug|ARM.Deploy.0 = Debug|ARM
		{5BEAE136-52BC-470C-98EE-A3DFBFBDE077}.Debug|iPhone.ActiveCfg = Debug|x86
		{5BEAE136-52BC-470C-98EE-A3DFBFBDE077}.Debug|iPhoneSimulator.ActiveCfg = Debug|x86
		{5BEAE136-52BC-470C-98EE-A3DFBFBDE077}.Debug|x64.ActiveCfg = Debug|x64
		{5BEAE136-52BC-470C-98EE-A3DFBFBDE077}.Debug|x64.Build.0 = Debug|x64
		{5BEAE136-52BC-470C-98EE-A3DFBFBDE077}.Debug|x64.Deploy.0 = Debug|x64
		{5BEAE136-52BC-470C-98EE-A3DFBFBDE077}.Debug|x86.ActiveCfg = Debug|x86
		{5BEAE136-52BC-470C-98EE-A3DFBFBDE077}.Debug|x86.Build.0 = Debug|x86
		{5BEAE136-52BC-470C-98EE-A3DFBFBDE077}.Debug|x86.Deploy.0 = Debug|x86
		{5BEAE136-52BC-470C-98EE-A3DFBFBDE077}.Release|Any CPU.ActiveCfg = Release|x86
		{5BEAE136-52BC-470C-98EE-A3DFBFBDE077}.Release|ARM.ActiveCfg = Release|ARM
		{5BEAE136-52BC-470C-98EE-A3DFBFBDE077}.Release|ARM.Build.0 = Release|ARM
		{5BEAE136-52BC-470C-98EE-A3DFBFBDE077}.Release|ARM.Deploy.0 = Release|ARM
		{5BEAE136-52BC-470C-98EE-A3DFBFBDE077}.Release|iPhone.ActiveCfg = Release|x86
		{5BEAE136-52BC-470C-98EE-A3DFBFBDE077}.Release|iPhoneSimulator.ActiveCfg = Release|x86
		{5BEAE136-52BC-470C-98EE-A3DFBFBDE077}.Release|x64.ActiveCfg = Release|x64
		{5BEAE136-52BC-470C-98EE-A3DFBFBDE077}.Release|x64.Build.0 = Release|x64
		{5BEAE136-52BC-470C-98EE-A3DFBFBDE077}.Release|x64.Deploy.0 = Release|x64
		{5BEAE136-52BC-470C-98EE-A3DFBFBDE077}.Release|x86.ActiveCfg = Release|x86
		{5BEAE136-52BC-470C-98EE-A3DFBFBDE077}.Release|x86.Build.0 = Release|x86
		{5BEAE136-52BC-470C-98EE-A3DFBFBDE077}.Release|x86.Deploy.0 = Release|x86
		{1319057D-C981-4548-B642-F232967BDA4E}.Ad-Hoc|Any CPU.ActiveCfg = Debug|Any CPU
		{1319057D-C981-4548-B642-F232967BDA4E}.Ad-Hoc|Any CPU.Build.0 = Debug|Any CPU
		{1319057D-C981-4548-B642-F232967BDA4E}.Ad-Hoc|ARM.ActiveCfg = Debug|Any CPU
		{1319057D-C981-4548-B642-F232967BDA4E}.Ad-Hoc|ARM.Build.0 = Debug|Any CPU
		{1319057D-C981-4548-B642-F232967BDA4E}.Ad-Hoc|iPhone.ActiveCfg = Debug|Any CPU
		{1319057D-C981-4548-B642-F232967BDA4E}.Ad-Hoc|iPhone.Build.0 = Debug|Any CPU
		{1319057D-C981-4548-B642-F232967BDA4E}.Ad-Hoc|iPhoneSimulator.ActiveCfg = Debug|Any CPU
		{1319057D-C981-4548-B642-F232967BDA4E}.Ad-Hoc|iPhoneSimulator.Build.0 = Debug|Any CPU
		{1319057D-C981-4548-B642-F232967BDA4E}.Ad-Hoc|x64.ActiveCfg = Debug|Any CPU
		{1319057D-C981-4548-B642-F232967BDA4E}.Ad-Hoc|x64.Build.0 = Debug|Any CPU
		{1319057D-C981-4548-B642-F232967BDA4E}.Ad-Hoc|x86.ActiveCfg = Debug|Any CPU
		{1319057D-C981-4548-B642-F232967BDA4E}.Ad-Hoc|x86.Build.0 = Debug|Any CPU
		{1319057D-C981-4548-B642-F232967BDA4E}.AppStore|Any CPU.ActiveCfg = Debug|Any CPU
		{1319057D-C981-4548-B642-F232967BDA4E}.AppStore|Any CPU.Build.0 = Debug|Any CPU
		{1319057D-C981-4548-B642-F232967BDA4E}.AppStore|ARM.ActiveCfg = Debug|Any CPU
		{1319057D-C981-4548-B642-F232967BDA4E}.AppStore|ARM.Build.0 = Debug|Any CPU
		{1319057D-C981-4548-B642-F232967BDA4E}.AppStore|iPhone.ActiveCfg = Debug|Any CPU
		{1319057D-C981-4548-B642-F232967BDA4E}.AppStore|iPhone.Build.0 = Debug|Any CPU
		{1319057D-C981-4548-B642-F232967BDA4E}.AppStore|iPhoneSimulator.ActiveCfg = Debug|Any CPU
		{1319057D-C981-4548-B642-F232967BDA4E}.AppStore|iPhoneSimulator.Build.0 = Debug|Any CPU
		{1319057D-C981-4548-B642-F232967BDA4E}.AppStore|x64.ActiveCfg = Debug|Any CPU
		{1319057D-C981-4548-B642-F232967BDA4E}.AppStore|x64.Build.0 = Debug|Any CPU
		{1319057D-C981-4548-B642-F232967BDA4E}.AppStore|x86.ActiveCfg = Debug|Any CPU
		{1319057D-C981-4548-B642-F232967BDA4E}.AppStore|x86.Build.0 = Debug|Any CPU
		{1319057D-C981-4548-B642-F232967BDA4E}.Debug|Any CPU.ActiveCfg = Debug|Any CPU
		{1319057D-C981-4548-B642-F232967BDA4E}.Debug|Any CPU.Build.0 = Debug|Any CPU
		{1319057D-C981-4548-B642-F232967BDA4E}.Debug|ARM.ActiveCfg = Debug|Any CPU
		{1319057D-C981-4548-B642-F232967BDA4E}.Debug|ARM.Build.0 = Debug|Any CPU
		{1319057D-C981-4548-B642-F232967BDA4E}.Debug|iPhone.ActiveCfg = Debug|Any CPU
		{1319057D-C981-4548-B642-F232967BDA4E}.Debug|iPhone.Build.0 = Debug|Any CPU
		{1319057D-C981-4548-B642-F232967BDA4E}.Debug|iPhoneSimulator.ActiveCfg = Debug|Any CPU
		{1319057D-C981-4548-B642-F232967BDA4E}.Debug|iPhoneSimulator.Build.0 = Debug|Any CPU
		{1319057D-C981-4548-B642-F232967BDA4E}.Debug|x64.ActiveCfg = Debug|Any CPU
		{1319057D-C981-4548-B642-F232967BDA4E}.Debug|x64.Build.0 = Debug|Any CPU
		{1319057D-C981-4548-B642-F232967BDA4E}.Debug|x86.ActiveCfg = Debug|Any CPU
		{1319057D-C981-4548-B642-F232967BDA4E}.Debug|x86.Build.0 = Debug|Any CPU
		{1319057D-C981-4548-B642-F232967BDA4E}.Release|Any CPU.ActiveCfg = Release|Any CPU
		{1319057D-C981-4548-B642-F232967BDA4E}.Release|Any CPU.Build.0 = Release|Any CPU
		{1319057D-C981-4548-B642-F232967BDA4E}.Release|ARM.ActiveCfg = Release|Any CPU
		{1319057D-C981-4548-B642-F232967BDA4E}.Release|ARM.Build.0 = Release|Any CPU
		{1319057D-C981-4548-B642-F232967BDA4E}.Release|iPhone.ActiveCfg = Release|Any CPU
		{1319057D-C981-4548-B642-F232967BDA4E}.Release|iPhone.Build.0 = Release|Any CPU
		{1319057D-C981-4548-B642-F232967BDA4E}.Release|iPhoneSimulator.ActiveCfg = Release|Any CPU
		{1319057D-C981-4548-B642-F232967BDA4E}.Release|iPhoneSimulator.Build.0 = Release|Any CPU
		{1319057D-C981-4548-B642-F232967BDA4E}.Release|x64.ActiveCfg = Release|Any CPU
		{1319057D-C981-4548-B642-F232967BDA4E}.Release|x64.Build.0 = Release|Any CPU
		{1319057D-C981-4548-B642-F232967BDA4E}.Release|x86.ActiveCfg = Release|Any CPU
		{1319057D-C981-4548-B642-F232967BDA4E}.Release|x86.Build.0 = Release|Any CPU
	EndGlobalSection
	GlobalSection(SolutionProperties) = preSolution
		HideSolutionNode = FALSE
	EndGlobalSection
	GlobalSection(ExtensibilityGlobals) = postSolution
		SolutionGuid = {EBBC6AEC-4C3A-45B7-B14E-D70B26243BC3}
	EndGlobalSection
EndGlobal
